
Microsoft Visual Studio Solution File, Format Version 12.00
# Visual Studio Version 16
VisualStudioVersion = 16.0.32106.194
MinimumVisualStudioVersion = 10.0.40219.1
Project("{FAE04EC0-301F-11D3-BF4B-00C04F79EFBC}") = "QuanCafe2", "QuanCafe2\QuanCafe2.csproj", "{1B425C72-4A02-4CB3-81F7-2340D0DDF55B}"
EndProject
Global
	GlobalSection(SolutionConfigurationPlatforms) = preSolution
		Debug|Any CPU = Debug|Any CPU
		Release|Any CPU = Release|Any CPU
	EndGlobalSection
	GlobalSection(ProjectConfigurationPlatforms) = postSolution
		{1B425C72-4A02-4CB3-81F7-2340D0DDF55B}.Debug|Any CPU.ActiveCfg = Debug|Any CPU
		{1B425C72-4A02-4CB3-81F7-2340D0DDF55B}.Debug|Any CPU.Build.0 = Debug|Any CPU
		{1B425C72-4A02-4CB3-81F7-2340D0DDF55B}.Release|Any CPU.ActiveCfg = Release|Any CPU
		{1B425C72-4A02-4CB3-81F7-2340D0DDF55B}.Release|Any CPU.Build.0 = Release|Any CPU
	EndGlobalSection
	GlobalSection(SolutionProperties) = preSolution
		HideSolutionNode = FALSE
	EndGlobalSection
	GlobalSection(ExtensibilityGlobals) = postSolution
		SolutionGuid = {6225FB19-88C9-4085-8326-0BEE424B6E40}
	EndGlobalSection
EndGlobal
